{
  "nodes": {
    "kmonad": {
      "inputs": {
        "nixpkgs": "nixpkgs"
      },
      "locked": {
        "dir": "nix",
        "lastModified": 1657871515,
        "narHash": "sha256-+mxd8hpxt7aWtJlhHn6HUNj9CWlvRQrHdFvrZMWU+WY=",
        "owner": "kmonad",
        "repo": "kmonad",
        "rev": "95bb58b7347ebacb4654fb21c798e1cd10331b0d",
        "type": "github"
      },
      "original": {
        "dir": "nix",
        "owner": "kmonad",
        "repo": "kmonad",
        "type": "github"
      }
    },
    "nixpkgs": {
      "locked": {
        "lastModified": 1653326962,
        "narHash": "sha256-W8feCYqKTsMre4nAEpv5Kx1PVFC+hao/LwqtB2Wci/8=",
        "owner": "NixOS",
        "repo": "nixpkgs",
        "rev": "41cc1d5d9584103be4108c1815c350e07c807036",
        "type": "github"
      },
      "original": {
        "owner": "NixOS",
        "ref": "nixpkgs-unstable",
        "repo": "nixpkgs",
        "type": "github"
      }
    },
    "nixpkgs_2": {
      "locked": {
        "lastModified": 1660396586,
        "narHash": "sha256-ePuWn7z/J5p2lO7YokOG1o01M0pDDVL3VrStaPpS5Ig=",
        "owner": "nixos",
        "repo": "nixpkgs",
        "rev": "e105167e98817ba9fe079c6c3c544c6ef188e276",
        "type": "github"
      },
      "original": {
        "owner": "nixos",
        "ref": "nixos-unstable",
        "repo": "nixpkgs",
        "type": "github"
      }
    },
    "root": {
      "inputs": {
        "kmonad": "kmonad",
        "nixpkgs": "nixpkgs_2"
      }
    }
  },
  "root": "root",
  "version": 7
}
